
Microsoft Visual Studio Solution File, Format Version 12.00
# Visual Studio Version 17
VisualStudioVersion = 17.6.33829.357
MinimumVisualStudioVersion = 10.0.40219.1
Project("{8BC9CEB8-8B4A-11D0-8D11-00A0C91BC942}") = "H264SharpNative", "H264SharpNative\H264SharpNative.vcxproj", "{1C34057A-36B3-4606-B73D-FAD35F754936}"
EndProject
Project("{2150E333-8FDC-42A3-9474-1A3956D46DE8}") = "Examples", "Examples", "{2427B93E-EC6D-4DD5-9360-B6474259EAD6}"
EndProject
Project("{9A19103F-16F7-4668-BE54-9A1E7A4F7556}") = "H264SharpNativePInvoke", "Examples\H264SharpNativePInvoke\H264SharpNativePInvoke.csproj", "{FF4C0591-2401-4E1D-A28E-10BDA7571846}"
EndProject
Project("{9A19103F-16F7-4668-BE54-9A1E7A4F7556}") = "AVRecord", "Examples\AVRecord\AVRecord.csproj", "{D3C8E3A7-F668-418C-8FFC-3BBC420952EC}"
EndProject
Project("{9A19103F-16F7-4668-BE54-9A1E7A4F7556}") = "H264Sharp", "H264Sharp\H264Sharp.csproj", "{16B9F212-4A6F-4E31-9F1E-E0CE28B017CA}"
EndProject
Project("{9A19103F-16F7-4668-BE54-9A1E7A4F7556}") = "H264SharpBitmapExtentions", "H264SharpBitmapExtentions\H264SharpBitmapExtentions.csproj", "{81896867-667F-40C6-8A3B-5245A8C1C67A}"
EndProject
Project("{9A19103F-16F7-4668-BE54-9A1E7A4F7556}") = "CrossPlatformTest", "Examples\CrossPlatformTest\CrossPlatformTest.csproj", "{070F457A-26C9-4383-AA2E-43006003C335}"
EndProject
Global
	GlobalSection(SolutionConfigurationPlatforms) = preSolution
		Debug|Any CPU = Debug|Any CPU
		Debug|ARM = Debug|ARM
		Debug|ARM64 = Debug|ARM64
		Debug|x64 = Debug|x64
		Debug|x86 = Debug|x86
		Release|Any CPU = Release|Any CPU
		Release|ARM = Release|ARM
		Release|ARM64 = Release|ARM64
		Release|x64 = Release|x64
		Release|x86 = Release|x86
	EndGlobalSection
	GlobalSection(ProjectConfigurationPlatforms) = postSolution
		{1C34057A-36B3-4606-B73D-FAD35F754936}.Debug|Any CPU.ActiveCfg = Debug|x64
		{1C34057A-36B3-4606-B73D-FAD35F754936}.Debug|Any CPU.Build.0 = Debug|x64
		{1C34057A-36B3-4606-B73D-FAD35F754936}.Debug|ARM.ActiveCfg = Debug|ARM
		{1C34057A-36B3-4606-B73D-FAD35F754936}.Debug|ARM.Build.0 = Debug|ARM
		{1C34057A-36B3-4606-B73D-FAD35F754936}.Debug|ARM64.ActiveCfg = Debug|ARM64
		{1C34057A-36B3-4606-B73D-FAD35F754936}.Debug|ARM64.Build.0 = Debug|ARM64
		{1C34057A-36B3-4606-B73D-FAD35F754936}.Debug|x64.ActiveCfg = Debug|x64
		{1C34057A-36B3-4606-B73D-FAD35F754936}.Debug|x64.Build.0 = Debug|x64
		{1C34057A-36B3-4606-B73D-FAD35F754936}.Debug|x86.ActiveCfg = Debug|Win32
		{1C34057A-36B3-4606-B73D-FAD35F754936}.Debug|x86.Build.0 = Debug|Win32
		{1C34057A-36B3-4606-B73D-FAD35F754936}.Release|Any CPU.ActiveCfg = Release|x64
		{1C34057A-36B3-4606-B73D-FAD35F754936}.Release|Any CPU.Build.0 = Release|x64
		{1C34057A-36B3-4606-B73D-FAD35F754936}.Release|ARM.ActiveCfg = Release|ARM
		{1C34057A-36B3-4606-B73D-FAD35F754936}.Release|ARM.Build.0 = Release|ARM
		{1C34057A-36B3-4606-B73D-FAD35F754936}.Release|ARM64.ActiveCfg = Release|ARM64
		{1C34057A-36B3-4606-B73D-FAD35F754936}.Release|ARM64.Build.0 = Release|ARM64
		{1C34057A-36B3-4606-B73D-FAD35F754936}.Release|x64.ActiveCfg = Release|x64
		{1C34057A-36B3-4606-B73D-FAD35F754936}.Release|x64.Build.0 = Release|x64
		{1C34057A-36B3-4606-B73D-FAD35F754936}.Release|x86.ActiveCfg = Release|Win32
		{1C34057A-36B3-4606-B73D-FAD35F754936}.Release|x86.Build.0 = Release|Win32
		{FF4C0591-2401-4E1D-A28E-10BDA7571846}.Debug|Any CPU.ActiveCfg = Debug|Any CPU
		{FF4C0591-2401-4E1D-A28E-10BDA7571846}.Debug|Any CPU.Build.0 = Debug|Any CPU
		{FF4C0591-2401-4E1D-A28E-10BDA7571846}.Debug|ARM.ActiveCfg = Debug|Any CPU
		{FF4C0591-2401-4E1D-A28E-10BDA7571846}.Debug|ARM.Build.0 = Debug|Any CPU
		{FF4C0591-2401-4E1D-A28E-10BDA7571846}.Debug|ARM64.ActiveCfg = Debug|Any CPU
		{FF4C0591-2401-4E1D-A28E-10BDA7571846}.Debug|ARM64.Build.0 = Debug|Any CPU
		{FF4C0591-2401-4E1D-A28E-10BDA7571846}.Debug|x64.ActiveCfg = Debug|Any CPU
		{FF4C0591-2401-4E1D-A28E-10BDA7571846}.Debug|x64.Build.0 = Debug|Any CPU
		{FF4C0591-2401-4E1D-A28E-10BDA7571846}.Debug|x86.ActiveCfg = Debug|Any CPU
		{FF4C0591-2401-4E1D-A28E-10BDA7571846}.Debug|x86.Build.0 = Debug|Any CPU
		{FF4C0591-2401-4E1D-A28E-10BDA7571846}.Release|Any CPU.ActiveCfg = Release|Any CPU
		{FF4C0591-2401-4E1D-A28E-10BDA7571846}.Release|Any CPU.Build.0 = Release|Any CPU
		{FF4C0591-2401-4E1D-A28E-10BDA7571846}.Release|ARM.ActiveCfg = Release|Any CPU
		{FF4C0591-2401-4E1D-A28E-10BDA7571846}.Release|ARM.Build.0 = Release|Any CPU
		{FF4C0591-2401-4E1D-A28E-10BDA7571846}.Release|ARM64.ActiveCfg = Release|Any CPU
		{FF4C0591-2401-4E1D-A28E-10BDA7571846}.Release|ARM64.Build.0 = Release|Any CPU
		{FF4C0591-2401-4E1D-A28E-10BDA7571846}.Release|x64.ActiveCfg = Release|Any CPU
		{FF4C0591-2401-4E1D-A28E-10BDA7571846}.Release|x64.Build.0 = Release|Any CPU
		{FF4C0591-2401-4E1D-A28E-10BDA7571846}.Release|x86.ActiveCfg = Release|Any CPU
		{FF4C0591-2401-4E1D-A28E-10BDA7571846}.Release|x86.Build.0 = Release|Any CPU
		{D3C8E3A7-F668-418C-8FFC-3BBC420952EC}.Debug|Any CPU.ActiveCfg = Debug|Any CPU
		{D3C8E3A7-F668-418C-8FFC-3BBC420952EC}.Debug|Any CPU.Build.0 = Debug|Any CPU
		{D3C8E3A7-F668-418C-8FFC-3BBC420952EC}.Debug|ARM.ActiveCfg = Debug|Any CPU
		{D3C8E3A7-F668-418C-8FFC-3BBC420952EC}.Debug|ARM.Build.0 = Debug|Any CPU
		{D3C8E3A7-F668-418C-8FFC-3BBC420952EC}.Debug|ARM64.ActiveCfg = Debug|Any CPU
		{D3C8E3A7-F668-418C-8FFC-3BBC420952EC}.Debug|ARM64.Build.0 = Debug|Any CPU
		{D3C8E3A7-F668-418C-8FFC-3BBC420952EC}.Debug|x64.ActiveCfg = Debug|Any CPU
		{D3C8E3A7-F668-418C-8FFC-3BBC420952EC}.Debug|x64.Build.0 = Debug|Any CPU
		{D3C8E3A7-F668-418C-8FFC-3BBC420952EC}.Debug|x86.ActiveCfg = Debug|Any CPU
		{D3C8E3A7-F668-418C-8FFC-3BBC420952EC}.Debug|x86.Build.0 = Debug|Any CPU
		{D3C8E3A7-F668-418C-8FFC-3BBC420952EC}.Release|Any CPU.ActiveCfg = Release|Any CPU
		{D3C8E3A7-F668-418C-8FFC-3BBC420952EC}.Release|Any CPU.Build.0 = Release|Any CPU
		{D3C8E3A7-F668-418C-8FFC-3BBC420952EC}.Release|ARM.ActiveCfg = Release|Any CPU
		{D3C8E3A7-F668-418C-8FFC-3BBC420952EC}.Release|ARM.Build.0 = Release|Any CPU
		{D3C8E3A7-F668-418C-8FFC-3BBC420952EC}.Release|ARM64.ActiveCfg = Release|Any CPU
		{D3C8E3A7-F668-418C-8FFC-3BBC420952EC}.Release|ARM64.Build.0 = Release|Any CPU
		{D3C8E3A7-F668-418C-8FFC-3BBC420952EC}.Release|x64.ActiveCfg = Release|Any CPU
		{D3C8E3A7-F668-418C-8FFC-3BBC420952EC}.Release|x64.Build.0 = Release|Any CPU
		{D3C8E3A7-F668-418C-8FFC-3BBC420952EC}.Release|x86.ActiveCfg = Release|Any CPU
		{D3C8E3A7-F668-418C-8FFC-3BBC420952EC}.Release|x86.Build.0 = Release|Any CPU
		{16B9F212-4A6F-4E31-9F1E-E0CE28B017CA}.Debug|Any CPU.ActiveCfg = Debug|Any CPU
		{16B9F212-4A6F-4E31-9F1E-E0CE28B017CA}.Debug|Any CPU.Build.0 = Debug|Any CPU
		{16B9F212-4A6F-4E31-9F1E-E0CE28B017CA}.Debug|ARM.ActiveCfg = Debug|Any CPU
		{16B9F212-4A6F-4E31-9F1E-E0CE28B017CA}.Debug|ARM.Build.0 = Debug|Any CPU
		{16B9F212-4A6F-4E31-9F1E-E0CE28B017CA}.Debug|ARM64.ActiveCfg = Debug|Any CPU
		{16B9F212-4A6F-4E31-9F1E-E0CE28B017CA}.Debug|ARM64.Build.0 = Debug|Any CPU
		{16B9F212-4A6F-4E31-9F1E-E0CE28B017CA}.Debug|x64.ActiveCfg = Debug|Any CPU
		{16B9F212-4A6F-4E31-9F1E-E0CE28B017CA}.Debug|x64.Build.0 = Debug|Any CPU
		{16B9F212-4A6F-4E31-9F1E-E0CE28B017CA}.Debug|x86.ActiveCfg = Debug|Any CPU
		{16B9F212-4A6F-4E31-9F1E-E0CE28B017CA}.Debug|x86.Build.0 = Debug|Any CPU
		{16B9F212-4A6F-4E31-9F1E-E0CE28B017CA}.Release|Any CPU.ActiveCfg = Release|Any CPU
		{16B9F212-4A6F-4E31-9F1E-E0CE28B017CA}.Release|Any CPU.Build.0 = Release|Any CPU
		{16B9F212-4A6F-4E31-9F1E-E0CE28B017CA}.Release|ARM.ActiveCfg = Release|Any CPU
		{16B9F212-4A6F-4E31-9F1E-E0CE28B017CA}.Release|ARM.Build.0 = Release|Any CPU
		{16B9F212-4A6F-4E31-9F1E-E0CE28B017CA}.Release|ARM64.ActiveCfg = Release|Any CPU
		{16B9F212-4A6F-4E31-9F1E-E0CE28B017CA}.Release|ARM64.Build.0 = Release|Any CPU
		{16B9F212-4A6F-4E31-9F1E-E0CE28B017CA}.Release|x64.ActiveCfg = Release|Any CPU
		{16B9F212-4A6F-4E31-9F1E-E0CE28B017CA}.Release|x64.Build.0 = Release|Any CPU
		{16B9F212-4A6F-4E31-9F1E-E0CE28B017CA}.Release|x86.ActiveCfg = Release|Any CPU
		{16B9F212-4A6F-4E31-9F1E-E0CE28B017CA}.Release|x86.Build.0 = Release|Any CPU
		{81896867-667F-40C6-8A3B-5245A8C1C67A}.Debug|Any CPU.ActiveCfg = Debug|Any CPU
		{81896867-667F-40C6-8A3B-5245A8C1C67A}.Debug|Any CPU.Build.0 = Debug|Any CPU
		{81896867-667F-40C6-8A3B-5245A8C1C67A}.Debug|ARM.ActiveCfg = Debug|Any CPU
		{81896867-667F-40C6-8A3B-5245A8C1C67A}.Debug|ARM.Build.0 = Debug|Any CPU
		{81896867-667F-40C6-8A3B-5245A8C1C67A}.Debug|ARM64.ActiveCfg = Debug|Any CPU
		{81896867-667F-40C6-8A3B-5245A8C1C67A}.Debug|ARM64.Build.0 = Debug|Any CPU
		{81896867-667F-40C6-8A3B-5245A8C1C67A}.Debug|x64.ActiveCfg = Debug|Any CPU
		{81896867-667F-40C6-8A3B-5245A8C1C67A}.Debug|x64.Build.0 = Debug|Any CPU
		{81896867-667F-40C6-8A3B-5245A8C1C67A}.Debug|x86.ActiveCfg = Debug|Any CPU
		{81896867-667F-40C6-8A3B-5245A8C1C67A}.Debug|x86.Build.0 = Debug|Any CPU
		{81896867-667F-40C6-8A3B-5245A8C1C67A}.Release|Any CPU.ActiveCfg = Release|Any CPU
		{81896867-667F-40C6-8A3B-5245A8C1C67A}.Release|Any CPU.Build.0 = Release|Any CPU
		{81896867-667F-40C6-8A3B-5245A8C1C67A}.Release|ARM.ActiveCfg = Release|Any CPU
		{81896867-667F-40C6-8A3B-5245A8C1C67A}.Release|ARM.Build.0 = Release|Any CPU
		{81896867-667F-40C6-8A3B-5245A8C1C67A}.Release|ARM64.ActiveCfg = Release|Any CPU
		{81896867-667F-40C6-8A3B-5245A8C1C67A}.Release|ARM64.Build.0 = Release|Any CPU
		{81896867-667F-40C6-8A3B-5245A8C1C67A}.Release|x64.ActiveCfg = Release|Any CPU
		{81896867-667F-40C6-8A3B-5245A8C1C67A}.Release|x64.Build.0 = Release|Any CPU
		{81896867-667F-40C6-8A3B-5245A8C1C67A}.Release|x86.ActiveCfg = Release|Any CPU
		{81896867-667F-40C6-8A3B-5245A8C1C67A}.Release|x86.Build.0 = Release|Any CPU
		{070F457A-26C9-4383-AA2E-43006003C335}.Debug|Any CPU.ActiveCfg = Debug|Any CPU
		{070F457A-26C9-4383-AA2E-43006003C335}.Debug|Any CPU.Build.0 = Debug|Any CPU
		{070F457A-26C9-4383-AA2E-43006003C335}.Debug|ARM.ActiveCfg = Debug|Any CPU
		{070F457A-26C9-4383-AA2E-43006003C335}.Debug|ARM.Build.0 = Debug|Any CPU
		{070F457A-26C9-4383-AA2E-43006003C335}.Debug|ARM64.ActiveCfg = Debug|Any CPU
		{070F457A-26C9-4383-AA2E-43006003C335}.Debug|ARM64.Build.0 = Debug|Any CPU
		{070F457A-26C9-4383-AA2E-43006003C335}.Debug|x64.ActiveCfg = Debug|Any CPU
		{070F457A-26C9-4383-AA2E-43006003C335}.Debug|x64.Build.0 = Debug|Any CPU
		{070F457A-26C9-4383-AA2E-43006003C335}.Debug|x86.ActiveCfg = Debug|Any CPU
		{070F457A-26C9-4383-AA2E-43006003C335}.Debug|x86.Build.0 = Debug|Any CPU
		{070F457A-26C9-4383-AA2E-43006003C335}.Release|Any CPU.ActiveCfg = Release|Any CPU
		{070F457A-26C9-4383-AA2E-43006003C335}.Release|Any CPU.Build.0 = Release|Any CPU
		{070F457A-26C9-4383-AA2E-43006003C335}.Release|ARM.ActiveCfg = Release|Any CPU
		{070F457A-26C9-4383-AA2E-43006003C335}.Release|ARM.Build.0 = Release|Any CPU
		{070F457A-26C9-4383-AA2E-43006003C335}.Release|ARM64.ActiveCfg = Release|Any CPU
		{070F457A-26C9-4383-AA2E-43006003C335}.Release|ARM64.Build.0 = Release|Any CPU
		{070F457A-26C9-4383-AA2E-43006003C335}.Release|x64.ActiveCfg = Release|Any CPU
		{070F457A-26C9-4383-AA2E-43006003C335}.Release|x64.Build.0 = Release|Any CPU
		{070F457A-26C9-4383-AA2E-43006003C335}.Release|x86.ActiveCfg = Release|Any CPU
		{070F457A-26C9-4383-AA2E-43006003C335}.Release|x86.Build.0 = Release|Any CPU
	EndGlobalSection
	GlobalSection(SolutionProperties) = preSolution
		HideSolutionNode = FALSE
	EndGlobalSection
	GlobalSection(NestedProjects) = preSolution
		{FF4C0591-2401-4E1D-A28E-10BDA7571846} = {2427B93E-EC6D-4DD5-9360-B6474259EAD6}
		{D3C8E3A7-F668-418C-8FFC-3BBC420952EC} = {2427B93E-EC6D-4DD5-9360-B6474259EAD6}
		{070F457A-26C9-4383-AA2E-43006003C335} = {2427B93E-EC6D-4DD5-9360-B6474259EAD6}
	EndGlobalSection
	GlobalSection(ExtensibilityGlobals) = postSolution
		SolutionGuid = {93FEF821-F380-445A-87EB-BEB59FA3D61D}
	EndGlobalSection
EndGlobal
